
Microsoft Visual Studio Solution File, Format Version 12.00
# Visual Studio Version 17
VisualStudioVersion = 17.4.33213.308
MinimumVisualStudioVersion = 10.0.40219.1
Project("{FAE04EC0-301F-11D3-BF4B-00C04F79EFBC}") = "Assignment4", "Assignment4\Assignment4.csproj", "{C88259DD-86E7-48A3-8720-03A9936C1C08}"
EndProject
Global
	GlobalSection(SolutionConfigurationPlatforms) = preSolution
		Debug|Any CPU = Debug|Any CPU
		Release|Any CPU = Release|Any CPU
	EndGlobalSection
	GlobalSection(ProjectConfigurationPlatforms) = postSolution
		{C88259DD-86E7-48A3-8720-03A9936C1C08}.Debug|Any CPU.ActiveCfg = Debug|Any CPU
		{C88259DD-86E7-48A3-8720-03A9936C1C08}.Debug|Any CPU.Build.0 = Debug|Any CPU
		{C88259DD-86E7-48A3-8720-03A9936C1C08}.Release|Any CPU.ActiveCfg = Release|Any CPU
		{C88259DD-86E7-48A3-8720-03A9936C1C08}.Release|Any CPU.Build.0 = Release|Any CPU
	EndGlobalSection
	GlobalSection(SolutionProperties) = preSolution
		HideSolutionNode = FALSE
	EndGlobalSection
	GlobalSection(ExtensibilityGlobals) = postSolution
		SolutionGuid = {588F11EC-2DC3-49D6-A8DD-4426108B7B9E}
	EndGlobalSection
EndGlobal
